
Microsoft Visual Studio Solution File, Format Version 12.00
# Visual Studio Version 16
VisualStudioVersion = 16.0.31702.278
MinimumVisualStudioVersion = 10.0.40219.1
Project("{FAE04EC0-301F-11D3-BF4B-00C04F79EFBC}") = "ApiConsuming", "ApiConsuming\ApiConsuming.csproj", "{142CAC45-E56B-4E89-9558-C824C1FE2704}"
EndProject
Global
	GlobalSection(SolutionConfigurationPlatforms) = preSolution
		Debug|Any CPU = Debug|Any CPU
		Release|Any CPU = Release|Any CPU
	EndGlobalSection
	GlobalSection(ProjectConfigurationPlatforms) = postSolution
		{142CAC45-E56B-4E89-9558-C824C1FE2704}.Debug|Any CPU.ActiveCfg = Debug|Any CPU
		{142CAC45-E56B-4E89-9558-C824C1FE2704}.Debug|Any CPU.Build.0 = Debug|Any CPU
		{142CAC45-E56B-4E89-9558-C824C1FE2704}.Release|Any CPU.ActiveCfg = Release|Any CPU
		{142CAC45-E56B-4E89-9558-C824C1FE2704}.Release|Any CPU.Build.0 = Release|Any CPU
	EndGlobalSection
	GlobalSection(SolutionProperties) = preSolution
		HideSolutionNode = FALSE
	EndGlobalSection
	GlobalSection(ExtensibilityGlobals) = postSolution
		SolutionGuid = {7394E067-9EB0-48E5-A39B-9FDB1B15D25C}
	EndGlobalSection
EndGlobal
